// !$*UTF8*$!
{
	archiveVersion = 1;
	classes = {
	};
	objectVersion = 56;
	objects = {

/* Begin PBXBuildFile section */
		950408DDCAF347D685BCF3D0 /* HistoryClipboardApp.swift in Sources */ = {isa = PBXBuildFile; fileRef = 53E39E8EF1FD438F8CB2E133 /* HistoryClipboardApp.swift */; };
		AEF5C78D039F4E3DB5BEB308 /* ClipboardItem.swift in Sources */ = {isa = PBXBuildFile; fileRef = D81C8125324248C9A0A39A20 /* ClipboardItem.swift */; };
		B2F7773E89B2440B9898B7A8 /* DataStore.swift in Sources */ = {isa = PBXBuildFile; fileRef = 55C8EAA4335F44AAA75EC0D9 /* DataStore.swift */; };
		90E7BE2BB12D4854A3A6AD70 /* ClipboardMonitor.swift in Sources */ = {isa = PBXBuildFile; fileRef = 12587DB208BB43A0AAD3719B /* ClipboardMonitor.swift */; };
		C2C4A1D6355C425BA1140F0A /* PasteService.swift in Sources */ = {isa = PBXBuildFile; fileRef = 6F32192D2488425FAA1E3A81 /* PasteService.swift */; };
		55DC4A4986BE451FAE1F9FAF /* MenuBarView.swift in Sources */ = {isa = PBXBuildFile; fileRef = 708AC29318F14781A31E6759 /* MenuBarView.swift */; };
		3853BC1DE31F4BAE8600FC4F /* MainWindowView.swift in Sources */ = {isa = PBXBuildFile; fileRef = 7792E2F7D61E4A76AC22E19D /* MainWindowView.swift */; };
		BF4349D8DEB64947A9F70729 /* ClipboardCard.swift in Sources */ = {isa = PBXBuildFile; fileRef = 76671CC1D6D64B13B7B9F054 /* ClipboardCard.swift */; };
		7E3B9C0147914C43AE44896E /* SearchBar.swift in Sources */ = {isa = PBXBuildFile; fileRef = 6DC18341AEEC4DFD9116CE60 /* SearchBar.swift */; };
		8F4B8AF4E1B64FBC86F2A5CA /* SettingsView.swift in Sources */ = {isa = PBXBuildFile; fileRef = C1672ECC3F96418F8346DAA6 /* SettingsView.swift */; };
		ACA2E82726184A4F8DF27FAB /* Color+Hex.swift in Sources */ = {isa = PBXBuildFile; fileRef = 3A0C47396F8147A89DBE43B5 /* Color+Hex.swift */; };
		D4AEFACE11054D7388A5A049 /* DateFormatter+Extensions.swift in Sources */ = {isa = PBXBuildFile; fileRef = 7C550D640FC64C91BEE4FE34 /* DateFormatter+Extensions.swift */; };
		ADA31E594CD9407C8910FDAF /* Assets.xcassets in Resources */ = {isa = PBXBuildFile; fileRef = 6231A10E44EF4341A3EF9E9C /* Assets.xcassets */; };
		6D0697005962424A81FACAA9 /* Info.plist in Resources */ = {isa = PBXBuildFile; fileRef = 3D5B7C2022494881BD2F4AEB /* Info.plist */; };
/* End PBXBuildFile section */
/* Begin PBXFileReference section */
		46F22FA73B444E74ACDC20AD /* 历史粘贴板.app */ = {isa = PBXFileReference; explicitFileType = wrapper.application; includeInIndex = 0; path = "历史粘贴板.app"; sourceTree = BUILT_PRODUCTS_DIR; };
		53E39E8EF1FD438F8CB2E133 /* HistoryClipboardApp.swift */ = {isa = PBXFileReference; lastKnownFileType = sourcecode.swift; name = "HistoryClipboardApp.swift"; path = "HistoryClipboardApp.swift"; sourceTree = "<group>"; };
		D81C8125324248C9A0A39A20 /* ClipboardItem.swift */ = {isa = PBXFileReference; lastKnownFileType = sourcecode.swift; name = "ClipboardItem.swift"; path = "ClipboardItem.swift"; sourceTree = "<group>"; };
		55C8EAA4335F44AAA75EC0D9 /* DataStore.swift */ = {isa = PBXFileReference; lastKnownFileType = sourcecode.swift; name = "DataStore.swift"; path = "DataStore.swift"; sourceTree = "<group>"; };
		12587DB208BB43A0AAD3719B /* ClipboardMonitor.swift */ = {isa = PBXFileReference; lastKnownFileType = sourcecode.swift; name = "ClipboardMonitor.swift"; path = "ClipboardMonitor.swift"; sourceTree = "<group>"; };
		6F32192D2488425FAA1E3A81 /* PasteService.swift */ = {isa = PBXFileReference; lastKnownFileType = sourcecode.swift; name = "PasteService.swift"; path = "PasteService.swift"; sourceTree = "<group>"; };
		708AC29318F14781A31E6759 /* MenuBarView.swift */ = {isa = PBXFileReference; lastKnownFileType = sourcecode.swift; name = "MenuBarView.swift"; path = "MenuBarView.swift"; sourceTree = "<group>"; };
		7792E2F7D61E4A76AC22E19D /* MainWindowView.swift */ = {isa = PBXFileReference; lastKnownFileType = sourcecode.swift; name = "MainWindowView.swift"; path = "MainWindowView.swift"; sourceTree = "<group>"; };
		76671CC1D6D64B13B7B9F054 /* ClipboardCard.swift */ = {isa = PBXFileReference; lastKnownFileType = sourcecode.swift; name = "ClipboardCard.swift"; path = "ClipboardCard.swift"; sourceTree = "<group>"; };
		6DC18341AEEC4DFD9116CE60 /* SearchBar.swift */ = {isa = PBXFileReference; lastKnownFileType = sourcecode.swift; name = "SearchBar.swift"; path = "SearchBar.swift"; sourceTree = "<group>"; };
		C1672ECC3F96418F8346DAA6 /* SettingsView.swift */ = {isa = PBXFileReference; lastKnownFileType = sourcecode.swift; name = "SettingsView.swift"; path = "SettingsView.swift"; sourceTree = "<group>"; };
		3A0C47396F8147A89DBE43B5 /* Color+Hex.swift */ = {isa = PBXFileReference; lastKnownFileType = sourcecode.swift; name = "Color+Hex.swift"; path = "Color+Hex.swift"; sourceTree = "<group>"; };
		7C550D640FC64C91BEE4FE34 /* DateFormatter+Extensions.swift */ = {isa = PBXFileReference; lastKnownFileType = sourcecode.swift; name = "DateFormatter+Extensions.swift"; path = "DateFormatter+Extensions.swift"; sourceTree = "<group>"; };
		6231A10E44EF4341A3EF9E9C /* Assets.xcassets */ = {isa = PBXFileReference; lastKnownFileType = folder.assetcatalog; path = Assets.xcassets; sourceTree = "<group>"; };
		3D5B7C2022494881BD2F4AEB /* Info.plist */ = {isa = PBXFileReference; lastKnownFileType = text.plist.xml; name = "Info.plist"; path = "Info.plist"; sourceTree = "<group>"; };
		BF720B7C33CC46F1A26B7591 /* 历史粘贴板.entitlements */ = {isa = PBXFileReference; lastKnownFileType = text.plist.entitlements; name = "历史粘贴板.entitlements"; path = "历史粘贴板.entitlements"; sourceTree = "<group>"; };
/* End PBXFileReference section */
/* Begin PBXGroup section */
		E977A764450746799AA0DD96 /* Products */ = {isa = PBXGroup; children = (46F22FA73B444E74ACDC20AD); sourceTree = "<group>"; };
		87DF0950BCCD43C3B07FD2FB /* Models */ = {isa = PBXGroup; children = (D81C8125324248C9A0A39A20); path = "Models"; sourceTree = "<group>"; };
		87FF760A2B114C94B216F47B /* Services */ = {isa = PBXGroup; children = (55C8EAA4335F44AAA75EC0D9, 12587DB208BB43A0AAD3719B, 6F32192D2488425FAA1E3A81); path = "Services"; sourceTree = "<group>"; };
		A7D543D117BE461ABE19E5F4 /* MenuBar */ = {isa = PBXGroup; children = (708AC29318F14781A31E6759); path = "MenuBar"; sourceTree = "<group>"; };
		8883E09EB45345FFB6196615 /* MainWindow */ = {isa = PBXGroup; children = (7792E2F7D61E4A76AC22E19D, 76671CC1D6D64B13B7B9F054, 6DC18341AEEC4DFD9116CE60); path = "MainWindow"; sourceTree = "<group>"; };
		AE16EB13010A4723B302F9A1 /* Settings */ = {isa = PBXGroup; children = (C1672ECC3F96418F8346DAA6); path = "Settings"; sourceTree = "<group>"; };
		59037AF958504651A8CBB268 /* Views */ = {isa = PBXGroup; children = (A7D543D117BE461ABE19E5F4, 8883E09EB45345FFB6196615, AE16EB13010A4723B302F9A1); path = "Views"; sourceTree = "<group>"; };
		527539D10CBB4CF1B9A6ED9C /* Utils */ = {isa = PBXGroup; children = (3A0C47396F8147A89DBE43B5, 7C550D640FC64C91BEE4FE34); path = "Utils"; sourceTree = "<group>"; };
		C9AD957B189F4EE29895E36A /* Assets.xcassets */ = {isa = PBXGroup; children = (6231A10E44EF4341A3EF9E9C); path = "Assets.xcassets"; sourceTree = "<group>"; };
		7223BC95E63B4D8AADF45E75 /* 历史粘贴板 */ = {isa = PBXGroup; children = (53E39E8EF1FD438F8CB2E133, 87DF0950BCCD43C3B07FD2FB, 87FF760A2B114C94B216F47B, 59037AF958504651A8CBB268, 527539D10CBB4CF1B9A6ED9C, C9AD957B189F4EE29895E36A, 3D5B7C2022494881BD2F4AEB, BF720B7C33CC46F1A26B7591); path = "历史粘贴板"; sourceTree = "<group>"; };
		85DCBAC282B14F0297F4F560 /*  */ = {isa = PBXGroup; children = (7223BC95E63B4D8AADF45E75, E977A764450746799AA0DD96); sourceTree = "<group>"; };
/* End PBXGroup section */
/* Begin PBXNativeTarget section */
		D4DB07F6A20B400CAF2FF641 /* 历史粘贴板 */ = {isa = PBXNativeTarget; buildConfigurationList = 4FE048A3415A47D0B8F74352; buildPhases = (498E782F93BC4C40A68BD4EA, EF163F1E75CD4ECB8E2817BA, F0A73D587DE44232AD895158); buildRules = (); dependencies = (); name = "历史粘贴板"; productName = "历史粘贴板"; productReference = 46F22FA73B444E74ACDC20AD; productType = "com.apple.product-type.application"; };
/* End PBXNativeTarget section */
/* Begin PBXProject section */
		60CAF123BF584C91854C0BB6 /* Project object */ = {isa = PBXProject; attributes = {BuildIndependentTargetsInParallel = 1; LastSwiftUpdateCheck = 2600; LastUpgradeCheck = 2600; TargetAttributes = {D4DB07F6A20B400CAF2FF641 = {CreatedOnToolsVersion = 26.5; }; }; }; buildConfigurationList = 34ABA8EE7458442B9C6512A2; compatibilityVersion = "Xcode 14.0"; developmentRegion = "zh-Hans"; hasScannedForEncodings = 0; knownRegions = (zh-Hans, en, Base); mainGroup = 85DCBAC282B14F0297F4F560; productRefGroup = E977A764450746799AA0DD96; projectDirPath = ""; projectRoot = ""; targets = (D4DB07F6A20B400CAF2FF641); };
/* End PBXProject section */
/* Begin PBXSourcesBuildPhase section */
		498E782F93BC4C40A68BD4EA /* SourcesBuildPhase */ = {isa = PBXSourcesBuildPhase; buildActionMask = 2147483647; files = (950408DDCAF347D685BCF3D0 /* HistoryClipboardApp.swift in Sources */, AEF5C78D039F4E3DB5BEB308 /* ClipboardItem.swift in Sources */, B2F7773E89B2440B9898B7A8 /* DataStore.swift in Sources */, 90E7BE2BB12D4854A3A6AD70 /* ClipboardMonitor.swift in Sources */, C2C4A1D6355C425BA1140F0A /* PasteService.swift in Sources */, 55DC4A4986BE451FAE1F9FAF /* MenuBarView.swift in Sources */, 3853BC1DE31F4BAE8600FC4F /* MainWindowView.swift in Sources */, BF4349D8DEB64947A9F70729 /* ClipboardCard.swift in Sources */, 7E3B9C0147914C43AE44896E /* SearchBar.swift in Sources */, 8F4B8AF4E1B64FBC86F2A5CA /* SettingsView.swift in Sources */, ACA2E82726184A4F8DF27FAB /* Color+Hex.swift in Sources */, D4AEFACE11054D7388A5A049 /* DateFormatter+Extensions.swift in Sources */); runOnlyForDeploymentPostprocessing = 0; };
/* End PBXSourcesBuildPhase section */
/* Begin PBXFrameworksBuildPhase section */
		EF163F1E75CD4ECB8E2817BA /* FrameworksBuildPhase */ = {isa = PBXFrameworksBuildPhase; buildActionMask = 2147483647; files = (); runOnlyForDeploymentPostprocessing = 0; };
/* End PBXFrameworksBuildPhase section */
/* Begin PBXResourcesBuildPhase section */
		F0A73D587DE44232AD895158 /* ResourcesBuildPhase */ = {isa = PBXResourcesBuildPhase; buildActionMask = 2147483647; files = (ADA31E594CD9407C8910FDAF /* Assets.xcassets in Resources */); runOnlyForDeploymentPostprocessing = 0; };
/* End PBXResourcesBuildPhase section */
/* Begin XCBuildConfiguration section */
		6DAF7893E5954E27B7A4B1B7 /* Debug */ = {isa = XCBuildConfiguration; buildSettings = {
				ALWAYS_SEARCH_USER_PATHS = NO;
				CLANG_ANALYZER_NONNULL = YES;
				CLANG_CXX_LANGUAGE_STANDARD = "gnu++20";
				CLANG_ENABLE_MODULES = YES;
				CLANG_ENABLE_OBJC_ARC = YES;
				COPY_PHASE_STRIP = NO;
				DEBUG_INFORMATION_FORMAT = dwarf;
				ENABLE_STRICT_OBJC_MSGSEND = YES;
				ENABLE_TESTABILITY = YES;
				GCC_DYNAMIC_NO_PIC = NO;
				GCC_OPTIMIZATION_LEVEL = 0;
				GCC_PREPROCESSOR_DEFINITIONS = ("DEBUG=1", "$(inherited)");
				MTL_ENABLE_DEBUG_INFO = INCLUDE_SOURCE;
				ONLY_ACTIVE_ARCH = YES;
				SWIFT_ACTIVE_COMPILATION_CONDITIONS = "DEBUG";
				SWIFT_OPTIMIZATION_LEVEL = "-Onone";
			}; name = "Debug"; };
		4084D091AD344B28B07AAF98 /* Release */ = {isa = XCBuildConfiguration; buildSettings = {
				ALWAYS_SEARCH_USER_PATHS = NO;
				CLANG_ANALYZER_NONNULL = YES;
				CLANG_CXX_LANGUAGE_STANDARD = "gnu++20";
				CLANG_ENABLE_MODULES = YES;
				CLANG_ENABLE_OBJC_ARC = YES;
				COPY_PHASE_STRIP = NO;
				DEBUG_INFORMATION_FORMAT = "dwarf-with-dsym";
				ENABLE_NS_ASSERTIONS = NO;
				ENABLE_STRICT_OBJC_MSGSEND = YES;
				GCC_OPTIMIZATION_LEVEL = s;
				MTL_ENABLE_DEBUG_INFO = NO;
				SWIFT_COMPILATION_MODE = wholemodule;
				SWIFT_OPTIMIZATION_LEVEL = "-O";
				VALIDATE_PRODUCT = YES;
			}; name = "Release"; };
		EB4AF466A20C4F72AF48C6F1 /* Debug */ = {isa = XCBuildConfiguration; buildSettings = {
				ASSETCATALOG_COMPILER_APPICON_NAME = AppIcon;
				CODE_SIGN_ENTITLEMENTS = "历史粘贴板/历史粘贴板.entitlements";
				CODE_SIGN_STYLE = Automatic;
				COMBINE_HIDPI_IMAGES = YES;
				CURRENT_PROJECT_VERSION = 1;
				DEVELOPMENT_TEAM = "";
				ENABLE_HARDENED_RUNTIME = YES;
				GENERATE_INFOPLIST_FILE = YES;
				INFOPLIST_FILE = "历史粘贴板/Info.plist";
				INFOPLIST_KEY_LSApplicationCategoryType = "public.app-category.utilities";
				INFOPLIST_KEY_NSHumanReadableCopyright = "Copyright © 2026. All rights reserved.";
				LD_RUNPATH_SEARCH_PATHS = ("$(inherited)", "@executable_path/../Frameworks");
				MACOSX_DEPLOYMENT_TARGET = 14.0;
				MARKETING_VERSION = 1.0;
				PRODUCT_BUNDLE_IDENTIFIER = com.historyclipboard.app;
				PRODUCT_NAME = "$(TARGET_NAME)";
				SWIFT_EMIT_LOC_STRINGS = YES;
				SWIFT_VERSION = 6.0;
			}; name = "Debug"; };
		F6ED295A6F05464EBF37955E /* Release */ = {isa = XCBuildConfiguration; buildSettings = {
				ASSETCATALOG_COMPILER_APPICON_NAME = AppIcon;
				CODE_SIGN_ENTITLEMENTS = "历史粘贴板/历史粘贴板.entitlements";
				CODE_SIGN_STYLE = Automatic;
				COMBINE_HIDPI_IMAGES = YES;
				CURRENT_PROJECT_VERSION = 1;
				DEVELOPMENT_TEAM = "";
				ENABLE_HARDENED_RUNTIME = YES;
				GENERATE_INFOPLIST_FILE = YES;
				INFOPLIST_FILE = "历史粘贴板/Info.plist";
				INFOPLIST_KEY_LSApplicationCategoryType = "public.app-category.utilities";
				INFOPLIST_KEY_NSHumanReadableCopyright = "Copyright © 2026. All rights reserved.";
				LD_RUNPATH_SEARCH_PATHS = ("$(inherited)", "@executable_path/../Frameworks");
				MACOSX_DEPLOYMENT_TARGET = 14.0;
				MARKETING_VERSION = 1.0;
				PRODUCT_BUNDLE_IDENTIFIER = com.historyclipboard.app;
				PRODUCT_NAME = "$(TARGET_NAME)";
				SWIFT_EMIT_LOC_STRINGS = YES;
				SWIFT_VERSION = 6.0;
			}; name = "Release"; };
/* End XCBuildConfiguration section */
/* Begin XCConfigurationList section */
		34ABA8EE7458442B9C6512A2 /* Build configuration list */ = {isa = XCConfigurationList; defaultConfigurationName = "Release"; buildConfigurations = (6DAF7893E5954E27B7A4B1B7, 4084D091AD344B28B07AAF98); };
		4FE048A3415A47D0B8F74352 /* Build configuration list */ = {isa = XCConfigurationList; defaultConfigurationName = "Release"; buildConfigurations = (EB4AF466A20C4F72AF48C6F1, F6ED295A6F05464EBF37955E); };
/* End XCConfigurationList section */

	};
	rootObject = 60CAF123BF584C91854C0BB6 /* Project object */;
}
